<?xml version="1.0" encoding="utf-8"?>
<Project ToolsVersion="4.0" xmlns="http://schemas.microsoft.com/developer/msbuild/2003">
  <ItemGroup>
    <Filter Include="Resource Files">
      <UniqueIdentifier>{67DA6AB6-F800-4c08-8B7A-83BB121AAD01}</UniqueIdentifier>
      <Extensions>rc;ico;cur;bmp;dlg;rc2;rct;bin;rgs;gif;jpg;jpeg;jpe;resx;tiff;tif;png;wav;mfcribbon-ms</Extensions>
    </Filter>
    <Filter Include="Common">
      <UniqueIdentifier>{326f11c4-009a-4c61-8ade-2e470285007d}</UniqueIdentifier>
    </Filter>
    <Filter Include="Shaders">
      <UniqueIdentifier>{5b6709a1-e15e-47bc-8df5-a294ed3bd377}</UniqueIdentifier>
      <Extensions>hlsl;</Extensions>
    </Filter>
    <Filter Include="Testing">
      <UniqueIdentifier>{851eadcb-7951-49c4-aa4e-6156ee98ce8a}</UniqueIdentifier>
    </Filter>
    <Filter Include="Cameras">
      <UniqueIdentifier>{ded96a62-1e64-474f-ac5c-76320aaee969}</UniqueIdentifier>
    </Filter>
  </ItemGroup>
  <ItemGroup>
    <ClInclude Include="StepTimer.h">
      <Filter>Common</Filter>
    </ClInclude>
    <ClInclude Include="DeviceResources.h">
      <Filter>Common</Filter>
    </ClInclude>
    <ClInclude Include="d3dx12.h">
      <Filter>Common</Filter>
    </ClInclude>
    <ClInclude Include="pchlib.h">
      <Filter>Common</Filter>
    </ClInclude>
    <ClInclude Include="GraphicsContexts.h">
      <Filter>Common</Filter>
    </ClInclude>
    <ClInclude Include="FrameResource.h">
      <Filter>Common</Filter>
    </ClInclude>
    <ClInclude Include="ConstantBuffer.h">
      <Filter>Common</Filter>
    </ClInclude>
    <ClInclude Include="TestFullscreen.h">
      <Filter>Testing</Filter>
    </ClInclude>
    <ClInclude Include="TestTriangle.h">
      <Filter>Testing</Filter>
    </ClInclude>
    <ClInclude Include="CameraBase.h">
      <Filter>Cameras</Filter>
    </ClInclude>
    <ClInclude Include="GameInput.h">
      <Filter>Common</Filter>
    </ClInclude>
  </ItemGroup>
  <ItemGroup>
    <ClCompile Include="DeviceResources.cpp">
      <Filter>Common</Filter>
    </ClCompile>
    <ClCompile Include="pchlib.cpp">
      <Filter>Common</Filter>
    </ClCompile>
    <ClCompile Include="GraphicsContexts.cpp">
      <Filter>Common</Filter>
    </ClCompile>
    <ClCompile Include="FrameResource.cpp">
      <Filter>Common</Filter>
    </ClCompile>
    <ClCompile Include="TestFullscreen.cpp">
      <Filter>Testing</Filter>
    </ClCompile>
    <ClCompile Include="TestTriangle.cpp">
      <Filter>Testing</Filter>
    </ClCompile>
    <ClCompile Include="CameraBase.cpp">
      <Filter>Cameras</Filter>
    </ClCompile>
    <ClCompile Include="GameInput.cpp">
      <Filter>Common</Filter>
    </ClCompile>
  </ItemGroup>
  <ItemGroup>
    <None Include="packages.config" />
  </ItemGroup>
  <ItemGroup>
    <CustomBuild Include="postShaders.hlsl">
      <Filter>Shaders</Filter>
    </CustomBuild>
    <CustomBuild Include="sceneShaders.hlsl">
      <Filter>Shaders</Filter>
    </CustomBuild>
    <CustomBuild Include="04-Shaders.hlsl">
      <Filter>Shaders</Filter>
    </CustomBuild>
  </ItemGroup>
</Project>